// !$*UTF8*$!
{
	archiveVersion = 1;
	classes = {
	};
	objectVersion = 46;
	objects = {

/* Begin PBXBuildFile section */
		5CAFFD911851C3DD007D1A1C /* Foundation.framework in Frameworks */ = {isa = PBXBuildFile; fileRef = 5CAFFD901851C3DD007D1A1C /* Foundation.framework */; };
		5CAFFD931851C3DD007D1A1C /* CoreGraphics.framework in Frameworks */ = {isa = PBXBuildFile; fileRef = 5CAFFD921851C3DD007D1A1C /* CoreGraphics.framework */; };
		5CAFFD951851C3DD007D1A1C /* UIKit.framework in Frameworks */ = {isa = PBXBuildFile; fileRef = 5CAFFD941851C3DD007D1A1C /* UIKit.framework */; };
		5CAFFD9B1851C3DD007D1A1C /* InfoPlist.strings in Resources */ = {isa = PBXBuildFile; fileRef = 5CAFFD991851C3DD007D1A1C /* InfoPlist.strings */; };
		5CAFFD9D1851C3DD007D1A1C /* main.m in Sources */ = {isa = PBXBuildFile; fileRef = 5CAFFD9C1851C3DD007D1A1C /* main.m */; };
		5CAFFDA11851C3DD007D1A1C /* SamHour8AppDelegate.m in Sources */ = {isa = PBXBuildFile; fileRef = 5CAFFDA01851C3DD007D1A1C /* SamHour8AppDelegate.m */; };
		5CAFFDA41851C3DD007D1A1C /* Main.storyboard in Resources */ = {isa = PBXBuildFile; fileRef = 5CAFFDA21851C3DD007D1A1C /* Main.storyboard */; };
		5CAFFDA71851C3DD007D1A1C /* SamHour8ViewController.m in Sources */ = {isa = PBXBuildFile; fileRef = 5CAFFDA61851C3DD007D1A1C /* SamHour8ViewController.m */; };
		5CAFFDA91851C3DD007D1A1C /* Images.xcassets in Resources */ = {isa = PBXBuildFile; fileRef = 5CAFFDA81851C3DD007D1A1C /* Images.xcassets */; };
		5CAFFDB01851C3DD007D1A1C /* XCTest.framework in Frameworks */ = {isa = PBXBuildFile; fileRef = 5CAFFDAF1851C3DD007D1A1C /* XCTest.framework */; };
		5CAFFDB11851C3DD007D1A1C /* Foundation.framework in Frameworks */ = {isa = PBXBuildFile; fileRef = 5CAFFD901851C3DD007D1A1C /* Foundation.framework */; };
		5CAFFDB21851C3DD007D1A1C /* UIKit.framework in Frameworks */ = {isa = PBXBuildFile; fileRef = 5CAFFD941851C3DD007D1A1C /* UIKit.framework */; };
		5CAFFDBA1851C3DD007D1A1C /* InfoPlist.strings in Resources */ = {isa = PBXBuildFile; fileRef = 5CAFFDB81851C3DD007D1A1C /* InfoPlist.strings */; };
		5CAFFDBC1851C3DD007D1A1C /* ImageHopHour8Tests.m in Sources */ = {isa = PBXBuildFile; fileRef = 5CAFFDBB1851C3DD007D1A1C /* ImageHopHour8Tests.m */; };
		5CAFFDC61851CB2C007D1A1C /* background.jpg in Resources */ = {isa = PBXBuildFile; fileRef = 5CAFFDC51851CB2C007D1A1C /* background.jpg */; };
/* End PBXBuildFile section */

/* Begin PBXContainerItemProxy section */
		5CAFFDB31851C3DD007D1A1C /* PBXContainerItemProxy */ = {
			isa = PBXContainerItemProxy;
			containerPortal = 5CAFFD851851C3DD007D1A1C /* Project object */;
			proxyType = 1;
			remoteGlobalIDString = 5CAFFD8C1851C3DD007D1A1C;
			remoteInfo = ImageHopHour8;
		};
/* End PBXContainerItemProxy section */

/* Begin PBXFileReference section */
		5CAFFD8D1851C3DD007D1A1C /* ImageHopHour8.app */ = {isa = PBXFileReference; explicitFileType = wrapper.application; includeInIndex = 0; path = ImageHopHour8.app; sourceTree = BUILT_PRODUCTS_DIR; };
		5CAFFD901851C3DD007D1A1C /* Foundation.framework */ = {isa = PBXFileReference; lastKnownFileType = wrapper.framework; name = Foundation.framework; path = System/Library/Frameworks/Foundation.framework; sourceTree = SDKROOT; };
		5CAFFD921851C3DD007D1A1C /* CoreGraphics.framework */ = {isa = PBXFileReference; lastKnownFileType = wrapper.framework; name = CoreGraphics.framework; path = System/Library/Frameworks/CoreGraphics.framework; sourceTree = SDKROOT; };
		5CAFFD941851C3DD007D1A1C /* UIKit.framework */ = {isa = PBXFileReference; lastKnownFileType = wrapper.framework; name = UIKit.framework; path = System/Library/Frameworks/UIKit.framework; sourceTree = SDKROOT; };
		5CAFFD981851C3DD007D1A1C /* ImageHopHour8-Info.plist */ = {isa = PBXFileReference; lastKnownFileType = text.plist.xml; path = "ImageHopHour8-Info.plist"; sourceTree = "<group>"; };
		5CAFFD9A1851C3DD007D1A1C /* en */ = {isa = PBXFileReference; lastKnownFileType = text.plist.strings; name = en; path = en.lproj/InfoPlist.strings; sourceTree = "<group>"; };
		5CAFFD9C1851C3DD007D1A1C /* main.m */ = {isa = PBXFileReference; lastKnownFileType = sourcecode.c.objc; path = main.m; sourceTree = "<group>"; };
		5CAFFD9E1851C3DD007D1A1C /* ImageHopHour8-Prefix.pch */ = {isa = PBXFileReference; lastKnownFileType = sourcecode.c.h; path = "ImageHopHour8-Prefix.pch"; sourceTree = "<group>"; };
		5CAFFD9F1851C3DD007D1A1C /* SamHour8AppDelegate.h */ = {isa = PBXFileReference; lastKnownFileType = sourcecode.c.h; path = SamHour8AppDelegate.h; sourceTree = "<group>"; };
		5CAFFDA01851C3DD007D1A1C /* SamHour8AppDelegate.m */ = {isa = PBXFileReference; lastKnownFileType = sourcecode.c.objc; path = SamHour8AppDelegate.m; sourceTree = "<group>"; };
		5CAFFDA31851C3DD007D1A1C /* Base */ = {isa = PBXFileReference; lastKnownFileType = file.storyboard; name = Base; path = Base.lproj/Main.storyboard; sourceTree = "<group>"; };
		5CAFFDA51851C3DD007D1A1C /* SamHour8ViewController.h */ = {isa = PBXFileReference; lastKnownFileType = sourcecode.c.h; path = SamHour8ViewController.h; sourceTree = "<group>"; };
		5CAFFDA61851C3DD007D1A1C /* SamHour8ViewController.m */ = {isa = PBXFileReference; lastKnownFileType = sourcecode.c.objc; path = SamHour8ViewController.m; sourceTree = "<group>"; };
		5CAFFDA81851C3DD007D1A1C /* Images.xcassets */ = {isa = PBXFileReference; lastKnownFileType = folder.assetcatalog; path = Images.xcassets; sourceTree = "<group>"; };
		5CAFFDAE1851C3DD007D1A1C /* ImageHopHour8Tests.xctest */ = {isa = PBXFileReference; explicitFileType = wrapper.cfbundle; includeInIndex = 0; path = ImageHopHour8Tests.xctest; sourceTree = BUILT_PRODUCTS_DIR; };
		5CAFFDAF1851C3DD007D1A1C /* XCTest.framework */ = {isa = PBXFileReference; lastKnownFileType = wrapper.framework; name = XCTest.framework; path = Library/Frameworks/XCTest.framework; sourceTree = DEVELOPER_DIR; };
		5CAFFDB71851C3DD007D1A1C /* ImageHopHour8Tests-Info.plist */ = {isa = PBXFileReference; lastKnownFileType = text.plist.xml; path = "ImageHopHour8Tests-Info.plist"; sourceTree = "<group>"; };
		5CAFFDB91851C3DD007D1A1C /* en */ = {isa = PBXFileReference; lastKnownFileType = text.plist.strings; name = en; path = en.lproj/InfoPlist.strings; sourceTree = "<group>"; };
		5CAFFDBB1851C3DD007D1A1C /* ImageHopHour8Tests.m */ = {isa = PBXFileReference; lastKnownFileType = sourcecode.c.objc; path = ImageHopHour8Tests.m; sourceTree = "<group>"; };
		5CAFFDC51851CB2C007D1A1C /* background.jpg */ = {isa = PBXFileReference; lastKnownFileType = image.jpeg; path = background.jpg; sourceTree = "<group>"; };
/* End PBXFileReference section */

/* Begin PBXFrameworksBuildPhase section */
		5CAFFD8A1851C3DD007D1A1C /* Frameworks */ = {
			isa = PBXFrameworksBuildPhase;
			buildActionMask = 2147483647;
			files = (
				5CAFFD931851C3DD007D1A1C /* CoreGraphics.framework in Frameworks */,
				5CAFFD951851C3DD007D1A1C /* UIKit.framework in Frameworks */,
				5CAFFD911851C3DD007D1A1C /* Foundation.framework in Frameworks */,
			);
			runOnlyForDeploymentPostprocessing = 0;
		};
		5CAFFDAB1851C3DD007D1A1C /* Frameworks */ = {
			isa = PBXFrameworksBuildPhase;
			buildActionMask = 2147483647;
			files = (
				5CAFFDB01851C3DD007D1A1C /* XCTest.framework in Frameworks */,
				5CAFFDB21851C3DD007D1A1C /* UIKit.framework in Frameworks */,
				5CAFFDB11851C3DD007D1A1C /* Foundation.framework in Frameworks */,
			);
			runOnlyForDeploymentPostprocessing = 0;
		};
/* End PBXFrameworksBuildPhase section */

/* Begin PBXGroup section */
		5CAFFD841851C3DD007D1A1C = {
			isa = PBXGroup;
			children = (
				5CAFFD961851C3DD007D1A1C /* ImageHopHour8 */,
				5CAFFDB51851C3DD007D1A1C /* ImageHopHour8Tests */,
				5CAFFD8F1851C3DD007D1A1C /* Frameworks */,
				5CAFFD8E1851C3DD007D1A1C /* Products */,
			);
			sourceTree = "<group>";
		};
		5CAFFD8E1851C3DD007D1A1C /* Products */ = {
			isa = PBXGroup;
			children = (
				5CAFFD8D1851C3DD007D1A1C /* ImageHopHour8.app */,
				5CAFFDAE1851C3DD007D1A1C /* ImageHopHour8Tests.xctest */,
			);
			name = Products;
			sourceTree = "<group>";
		};
		5CAFFD8F1851C3DD007D1A1C /* Frameworks */ = {
			isa = PBXGroup;
			children = (
				5CAFFD901851C3DD007D1A1C /* Foundation.framework */,
				5CAFFD921851C3DD007D1A1C /* CoreGraphics.framework */,
				5CAFFD941851C3DD007D1A1C /* UIKit.framework */,
				5CAFFDAF1851C3DD007D1A1C /* XCTest.framework */,
			);
			name = Frameworks;
			sourceTree = "<group>";
		};
		5CAFFD961851C3DD007D1A1C /* ImageHopHour8 */ = {
			isa = PBXGroup;
			children = (
				5CAFFDC51851CB2C007D1A1C /* background.jpg */,
				5CAFFD9F1851C3DD007D1A1C /* SamHour8AppDelegate.h */,
				5CAFFDA01851C3DD007D1A1C /* SamHour8AppDelegate.m */,
				5CAFFDA21851C3DD007D1A1C /* Main.storyboard */,
				5CAFFDA51851C3DD007D1A1C /* SamHour8ViewController.h */,
				5CAFFDA61851C3DD007D1A1C /* SamHour8ViewController.m */,
				5CAFFDA81851C3DD007D1A1C /* Images.xcassets */,
				5CAFFD971851C3DD007D1A1C /* Supporting Files */,
			);
			path = ImageHopHour8;
			sourceTree = "<group>";
		};
		5CAFFD971851C3DD007D1A1C /* Supporting Files */ = {
			isa = PBXGroup;
			children = (
				5CAFFD981851C3DD007D1A1C /* ImageHopHour8-Info.plist */,
				5CAFFD991851C3DD007D1A1C /* InfoPlist.strings */,
				5CAFFD9C1851C3DD007D1A1C /* main.m */,
				5CAFFD9E1851C3DD007D1A1C /* ImageHopHour8-Prefix.pch */,
			);
			name = "Supporting Files";
			sourceTree = "<group>";
		};
		5CAFFDB51851C3DD007D1A1C /* ImageHopHour8Tests */ = {
			isa = PBXGroup;
			children = (
				5CAFFDBB1851C3DD007D1A1C /* ImageHopHour8Tests.m */,
				5CAFFDB61851C3DD007D1A1C /* Supporting Files */,
			);
			path = ImageHopHour8Tests;
			sourceTree = "<group>";
		};
		5CAFFDB61851C3DD007D1A1C /* Supporting Files */ = {
			isa = PBXGroup;
			children = (
				5CAFFDB71851C3DD007D1A1C /* ImageHopHour8Tests-Info.plist */,
				5CAFFDB81851C3DD007D1A1C /* InfoPlist.strings */,
			);
			name = "Supporting Files";
			sourceTree = "<group>";
		};
/* End PBXGroup section */

/* Begin PBXNativeTarget section */
		5CAFFD8C1851C3DD007D1A1C /* ImageHopHour8 */ = {
			isa = PBXNativeTarget;
			buildConfigurationList = 5CAFFDBF1851C3DD007D1A1C /* Build configuration list for PBXNativeTarget "ImageHopHour8" */;
			buildPhases = (
				5CAFFD891851C3DD007D1A1C /* Sources */,
				5CAFFD8A1851C3DD007D1A1C /* Frameworks */,
				5CAFFD8B1851C3DD007D1A1C /* Resources */,
			);
			buildRules = (
			);
			dependencies = (
			);
			name = ImageHopHour8;
			productName = ImageHopHour8;
			productReference = 5CAFFD8D1851C3DD007D1A1C /* ImageHopHour8.app */;
			productType = "com.apple.product-type.application";
		};
		5CAFFDAD1851C3DD007D1A1C /* ImageHopHour8Tests */ = {
			isa = PBXNativeTarget;
			buildConfigurationList = 5CAFFDC21851C3DD007D1A1C /* Build configuration list for PBXNativeTarget "ImageHopHour8Tests" */;
			buildPhases = (
				5CAFFDAA1851C3DD007D1A1C /* Sources */,
				5CAFFDAB1851C3DD007D1A1C /* Frameworks */,
				5CAFFDAC1851C3DD007D1A1C /* Resources */,
			);
			buildRules = (
			);
			dependencies = (
				5CAFFDB41851C3DD007D1A1C /* PBXTargetDependency */,
			);
			name = ImageHopHour8Tests;
			productName = ImageHopHour8Tests;
			productReference = 5CAFFDAE1851C3DD007D1A1C /* ImageHopHour8Tests.xctest */;
			productType = "com.apple.product-type.bundle.unit-test";
		};
/* End PBXNativeTarget section */

/* Begin PBXProject section */
		5CAFFD851851C3DD007D1A1C /* Project object */ = {
			isa = PBXProject;
			attributes = {
				CLASSPREFIX = SamHour8;
				LastUpgradeCheck = 0500;
				ORGANIZATIONNAME = "Chentou TONG";
				TargetAttributes = {
					5CAFFDAD1851C3DD007D1A1C = {
						TestTargetID = 5CAFFD8C1851C3DD007D1A1C;
					};
				};
			};
			buildConfigurationList = 5CAFFD881851C3DD007D1A1C /* Build configuration list for PBXProject "ImageHopHour8" */;
			compatibilityVersion = "Xcode 3.2";
			developmentRegion = English;
			hasScannedForEncodings = 0;
			knownRegions = (
				en,
				Base,
			);
			mainGroup = 5CAFFD841851C3DD007D1A1C;
			productRefGroup = 5CAFFD8E1851C3DD007D1A1C /* Products */;
			projectDirPath = "";
			projectRoot = "";
			targets = (
				5CAFFD8C1851C3DD007D1A1C /* ImageHopHour8 */,
				5CAFFDAD1851C3DD007D1A1C /* ImageHopHour8Tests */,
			);
		};
/* End PBXProject section */

/* Begin PBXResourcesBuildPhase section */
		5CAFFD8B1851C3DD007D1A1C /* Resources */ = {
			isa = PBXResourcesBuildPhase;
			buildActionMask = 2147483647;
			files = (
				5CAFFDA91851C3DD007D1A1C /* Images.xcassets in Resources */,
				5CAFFDC61851CB2C007D1A1C /* background.jpg in Resources */,
				5CAFFD9B1851C3DD007D1A1C /* InfoPlist.strings in Resources */,
				5CAFFDA41851C3DD007D1A1C /* Main.storyboard in Resources */,
			);
			runOnlyForDeploymentPostprocessing = 0;
		};
		5CAFFDAC1851C3DD007D1A1C /* Resources */ = {
			isa = PBXResourcesBuildPhase;
			buildActionMask = 2147483647;
			files = (
				5CAFFDBA1851C3DD007D1A1C /* InfoPlist.strings in Resources */,
			);
			runOnlyForDeploymentPostprocessing = 0;
		};
/* End PBXResourcesBuildPhase section */

/* Begin PBXSourcesBuildPhase section */
		5CAFFD891851C3DD007D1A1C /* Sources */ = {
			isa = PBXSourcesBuildPhase;
			buildActionMask = 2147483647;
			files = (
				5CAFFDA71851C3DD007D1A1C /* SamHour8ViewController.m in Sources */,
				5CAFFD9D1851C3DD007D1A1C /* main.m in Sources */,
				5CAFFDA11851C3DD007D1A1C /* SamHour8AppDelegate.m in Sources */,
			);
			runOnlyForDeploymentPostprocessing = 0;
		};
		5CAFFDAA1851C3DD007D1A1C /* Sources */ = {
			isa = PBXSourcesBuildPhase;
			buildActionMask = 2147483647;
			files = (
				5CAFFDBC1851C3DD007D1A1C /* ImageHopHour8Tests.m in Sources */,
			);
			runOnlyForDeploymentPostprocessing = 0;
		};
/* End PBXSourcesBuildPhase section */

/* Begin PBXTargetDependency section */
		5CAFFDB41851C3DD007D1A1C /* PBXTargetDependency */ = {
			isa = PBXTargetDependency;
			target = 5CAFFD8C1851C3DD007D1A1C /* ImageHopHour8 */;
			targetProxy = 5CAFFDB31851C3DD007D1A1C /* PBXContainerItemProxy */;
		};
/* End PBXTargetDependency section */

/* Begin PBXVariantGroup section */
		5CAFFD991851C3DD007D1A1C /* InfoPlist.strings */ = {
			isa = PBXVariantGroup;
			children = (
				5CAFFD9A1851C3DD007D1A1C /* en */,
			);
			name = InfoPlist.strings;
			sourceTree = "<group>";
		};
		5CAFFDA21851C3DD007D1A1C /* Main.storyboard */ = {
			isa = PBXVariantGroup;
			children = (
				5CAFFDA31851C3DD007D1A1C /* Base */,
			);
			name = Main.storyboard;
			sourceTree = "<group>";
		};
		5CAFFDB81851C3DD007D1A1C /* InfoPlist.strings */ = {
			isa = PBXVariantGroup;
			children = (
				5CAFFDB91851C3DD007D1A1C /* en */,
			);
			name = InfoPlist.strings;
			sourceTree = "<group>";
		};
/* End PBXVariantGroup section */

/* Begin XCBuildConfiguration section */
		5CAFFDBD1851C3DD007D1A1C /* Debug */ = {
			isa = XCBuildConfiguration;
			buildSettings = {
				ALWAYS_SEARCH_USER_PATHS = NO;
				ARCHS = "$(ARCHS_STANDARD_INCLUDING_64_BIT)";
				CLANG_CXX_LANGUAGE_STANDARD = "gnu++0x";
				CLANG_CXX_LIBRARY = "libc++";
				CLANG_ENABLE_MODULES = YES;
				CLANG_ENABLE_OBJC_ARC = YES;
				CLANG_WARN_BOOL_CONVERSION = YES;
				CLANG_WARN_CONSTANT_CONVERSION = YES;
				CLANG_WARN_DIRECT_OBJC_ISA_USAGE = YES_ERROR;
				CLANG_WARN_EMPTY_BODY = YES;
				CLANG_WARN_ENUM_CONVERSION = YES;
				CLANG_WARN_INT_CONVERSION = YES;
				CLANG_WARN_OBJC_ROOT_CLASS = YES_ERROR;
				CLANG_WARN__DUPLICATE_METHOD_MATCH = YES;
				"CODE_SIGN_IDENTITY[sdk=iphoneos*]" = "iPhone Developer";
				COPY_PHASE_STRIP = NO;
				GCC_C_LANGUAGE_STANDARD = gnu99;
				GCC_DYNAMIC_NO_PIC = NO;
				GCC_OPTIMIZATION_LEVEL = 0;
				GCC_PREPROCESSOR_DEFINITIONS = (
					"DEBUG=1",
					"$(inherited)",
				);
				GCC_SYMBOLS_PRIVATE_EXTERN = NO;
				GCC_WARN_64_TO_32_BIT_CONVERSION = YES;
				GCC_WARN_ABOUT_RETURN_TYPE = YES_ERROR;
				GCC_WARN_UNDECLARED_SELECTOR = YES;
				GCC_WARN_UNINITIALIZED_AUTOS = YES;
				GCC_WARN_UNUSED_FUNCTION = YES;
				GCC_WARN_UNUSED_VARIABLE = YES;
				IPHONEOS_DEPLOYMENT_TARGET = 7.0;
				ONLY_ACTIVE_ARCH = YES;
				SDKROOT = iphoneos;
			};
			name = Debug;
		};
		5CAFFDBE1851C3DD007D1A1C /* Release */ = {
			isa = XCBuildConfiguration;
			buildSettings = {
				ALWAYS_SEARCH_USER_PATHS = NO;
				ARCHS = "$(ARCHS_STANDARD_INCLUDING_64_BIT)";
				CLANG_CXX_LANGUAGE_STANDARD = "gnu++0x";
				CLANG_CXX_LIBRARY = "libc++";
				CLANG_ENABLE_MODULES = YES;
				CLANG_ENABLE_OBJC_ARC = YES;
				CLANG_WARN_BOOL_CONVERSION = YES;
				CLANG_WARN_CONSTANT_CONVERSION = YES;
				CLANG_WARN_DIRECT_OBJC_ISA_USAGE = YES_ERROR;
				CLANG_WARN_EMPTY_BODY = YES;
				CLANG_WARN_ENUM_CONVERSION = YES;
				CLANG_WARN_INT_CONVERSION = YES;
				CLANG_WARN_OBJC_ROOT_CLASS = YES_ERROR;
				CLANG_WARN__DUPLICATE_METHOD_MATCH = YES;
				"CODE_SIGN_IDENTITY[sdk=iphoneos*]" = "iPhone Developer";
				COPY_PHASE_STRIP = YES;
				ENABLE_NS_ASSERTIONS = NO;
				GCC_C_LANGUAGE_STANDARD = gnu99;
				GCC_WARN_64_TO_32_BIT_CONVERSION = YES;
				GCC_WARN_ABOUT_RETURN_TYPE = YES_ERROR;
				GCC_WARN_UNDECLARED_SELECTOR = YES;
				GCC_WARN_UNINITIALIZED_AUTOS = YES;
				GCC_WARN_UNUSED_FUNCTION = YES;
				GCC_WARN_UNUSED_VARIABLE = YES;
				IPHONEOS_DEPLOYMENT_TARGET = 7.0;
				SDKROOT = iphoneos;
				VALIDATE_PRODUCT = YES;
			};
			name = Release;
		};
		5CAFFDC01851C3DD007D1A1C /* Debug */ = {
			isa = XCBuildConfiguration;
			buildSettings = {
				ASSETCATALOG_COMPILER_APPICON_NAME = AppIcon;
				ASSETCATALOG_COMPILER_LAUNCHIMAGE_NAME = LaunchImage;
				GCC_PRECOMPILE_PREFIX_HEADER = YES;
				GCC_PREFIX_HEADER = "ImageHopHour8/ImageHopHour8-Prefix.pch";
				INFOPLIST_FILE = "ImageHopHour8/ImageHopHour8-Info.plist";
				PRODUCT_NAME = "$(TARGET_NAME)";
				WRAPPER_EXTENSION = app;
			};
			name = Debug;
		};
		5CAFFDC11851C3DD007D1A1C /* Release */ = {
			isa = XCBuildConfiguration;
			buildSettings = {
				ASSETCATALOG_COMPILER_APPICON_NAME = AppIcon;
				ASSETCATALOG_COMPILER_LAUNCHIMAGE_NAME = LaunchImage;
				GCC_PRECOMPILE_PREFIX_HEADER = YES;
				GCC_PREFIX_HEADER = "ImageHopHour8/ImageHopHour8-Prefix.pch";
				INFOPLIST_FILE = "ImageHopHour8/ImageHopHour8-Info.plist";
				PRODUCT_NAME = "$(TARGET_NAME)";
				WRAPPER_EXTENSION = app;
			};
			name = Release;
		};
		5CAFFDC31851C3DD007D1A1C /* Debug */ = {
			isa = XCBuildConfiguration;
			buildSettings = {
				ARCHS = "$(ARCHS_STANDARD_INCLUDING_64_BIT)";
				BUNDLE_LOADER = "$(BUILT_PRODUCTS_DIR)/ImageHopHour8.app/ImageHopHour8";
				FRAMEWORK_SEARCH_PATHS = (
					"$(SDKROOT)/Developer/Library/Frameworks",
					"$(inherited)",
					"$(DEVELOPER_FRAMEWORKS_DIR)",
				);
				GCC_PRECOMPILE_PREFIX_HEADER = YES;
				GCC_PREFIX_HEADER = "ImageHopHour8/ImageHopHour8-Prefix.pch";
				GCC_PREPROCESSOR_DEFINITIONS = (
					"DEBUG=1",
					"$(inherited)",
				);
				INFOPLIST_FILE = "ImageHopHour8Tests/ImageHopHour8Tests-Info.plist";
				PRODUCT_NAME = "$(TARGET_NAME)";
				TEST_HOST = "$(BUNDLE_LOADER)";
				WRAPPER_EXTENSION = xctest;
			};
			name = Debug;
		};
		5CAFFDC41851C3DD007D1A1C /* Release */ = {
			isa = XCBuildConfiguration;
			buildSettings = {
				ARCHS = "$(ARCHS_STANDARD_INCLUDING_64_BIT)";
				BUNDLE_LOADER = "$(BUILT_PRODUCTS_DIR)/ImageHopHour8.app/ImageHopHour8";
				FRAMEWORK_SEARCH_PATHS = (
					"$(SDKROOT)/Developer/Library/Frameworks",
					"$(inherited)",
					"$(DEVELOPER_FRAMEWORKS_DIR)",
				);
				GCC_PRECOMPILE_PREFIX_HEADER = YES;
				GCC_PREFIX_HEADER = "ImageHopHour8/ImageHopHour8-Prefix.pch";
				INFOPLIST_FILE = "ImageHopHour8Tests/ImageHopHour8Tests-Info.plist";
				PRODUCT_NAME = "$(TARGET_NAME)";
				TEST_HOST = "$(BUNDLE_LOADER)";
				WRAPPER_EXTENSION = xctest;
			};
			name = Release;
		};
/* End XCBuildConfiguration section */

/* Begin XCConfigurationList section */
		5CAFFD881851C3DD007D1A1C /* Build configuration list for PBXProject "ImageHopHour8" */ = {
			isa = XCConfigurationList;
			buildConfigurations = (
				5CAFFDBD1851C3DD007D1A1C /* Debug */,
				5CAFFDBE1851C3DD007D1A1C /* Release */,
			);
			defaultConfigurationIsVisible = 0;
			defaultConfigurationName = Release;
		};
		5CAFFDBF1851C3DD007D1A1C /* Build configuration list for PBXNativeTarget "ImageHopHour8" */ = {
			isa = XCConfigurationList;
			buildConfigurations = (
				5CAFFDC01851C3DD007D1A1C /* Debug */,
				5CAFFDC11851C3DD007D1A1C /* Release */,
			);
			defaultConfigurationIsVisible = 0;
		};
		5CAFFDC21851C3DD007D1A1C /* Build configuration list for PBXNativeTarget "ImageHopHour8Tests" */ = {
			isa = XCConfigurationList;
			buildConfigurations = (
				5CAFFDC31851C3DD007D1A1C /* Debug */,
				5CAFFDC41851C3DD007D1A1C /* Release */,
			);
			defaultConfigurationIsVisible = 0;
		};
/* End XCConfigurationList section */
	};
	rootObject = 5CAFFD851851C3DD007D1A1C /* Project object */;
}
